// !$*UTF8*$!
{
	archiveVersion = 1;
	classes = {
	};
	objectVersion = 46;
	objects = {

/* Begin PBXBuildFile section */
		3C1A3C4E18AADE4C00BD8249 /* hamming.c in Sources */ = {isa = PBXBuildFile; fileRef = 3C1A3C4D18AADE4C00BD8249 /* hamming.c */; };
		3C4A304E14BFAE62004C7B90 /* hamming_test.1 in CopyFiles */ = {isa = PBXBuildFile; fileRef = 3C4A304D14BFAE62004C7B90 /* hamming_test.1 */; };
		3CC0204918CFD3140046E8C1 /* enc_dec_test.c in Sources */ = {isa = PBXBuildFile; fileRef = 3CC0204818CFD3140046E8C1 /* enc_dec_test.c */; };
/* End PBXBuildFile section */

/* Begin PBXCopyFilesBuildPhase section */
		3C4A304014BFAE62004C7B90 /* CopyFiles */ = {
			isa = PBXCopyFilesBuildPhase;
			buildActionMask = 2147483647;
			dstPath = /usr/share/man/man1/;
			dstSubfolderSpec = 0;
			files = (
				3C4A304E14BFAE62004C7B90 /* hamming_test.1 in CopyFiles */,
			);
			runOnlyForDeploymentPostprocessing = 1;
		};
/* End PBXCopyFilesBuildPhase section */

/* Begin PBXFileReference section */
		3C1A3C4D18AADE4C00BD8249 /* hamming.c */ = {isa = PBXFileReference; fileEncoding = 4; lastKnownFileType = sourcecode.c.c; path = hamming.c; sourceTree = "<group>"; };
		3C1A3C4F18AADE7B00BD8249 /* menu.c */ = {isa = PBXFileReference; fileEncoding = 4; lastKnownFileType = sourcecode.c.c; path = menu.c; sourceTree = "<group>"; };
		3C1A3C5118AADFDA00BD8249 /* menu.h */ = {isa = PBXFileReference; lastKnownFileType = sourcecode.c.h; path = menu.h; sourceTree = "<group>"; };
		3C1A3C5218AADFFE00BD8249 /* utilities.c */ = {isa = PBXFileReference; fileEncoding = 4; lastKnownFileType = sourcecode.c.c; path = utilities.c; sourceTree = "<group>"; };
		3C1A3C5418AAE01600BD8249 /* utilities.h */ = {isa = PBXFileReference; lastKnownFileType = sourcecode.c.h; path = utilities.h; sourceTree = "<group>"; };
		3C1A3C5518AAE69C00BD8249 /* hamming.h */ = {isa = PBXFileReference; lastKnownFileType = sourcecode.c.h; path = hamming.h; sourceTree = "<group>"; };
		3C1A3C5618AB4ACF00BD8249 /* modes.h */ = {isa = PBXFileReference; lastKnownFileType = sourcecode.c.h; path = modes.h; sourceTree = "<group>"; };
		3C4A2FCC14BE670A004C7B90 /* generate-tables.c */ = {isa = PBXFileReference; fileEncoding = 4; lastKnownFileType = sourcecode.c.c; name = "generate-tables.c"; path = "../generate-tables.c"; sourceTree = "<group>"; };
		3C4A304214BFAE62004C7B90 /* hamming-test */ = {isa = PBXFileReference; explicitFileType = "compiled.mach-o.executable"; includeInIndex = 0; path = "hamming-test"; sourceTree = BUILT_PRODUCTS_DIR; };
		3C4A304C14BFAE62004C7B90 /* hamming-test-Prefix.pch */ = {isa = PBXFileReference; lastKnownFileType = sourcecode.c.h; path = "hamming-test-Prefix.pch"; sourceTree = "<group>"; };
		3C4A304D14BFAE62004C7B90 /* hamming_test.1 */ = {isa = PBXFileReference; lastKnownFileType = text.man; path = hamming_test.1; sourceTree = "<group>"; };
		3C52F6E718CA99360009269E /* registers.h */ = {isa = PBXFileReference; lastKnownFileType = sourcecode.c.h; path = registers.h; sourceTree = "<group>"; };
		3C52F6E818CA99450009269E /* registers.c */ = {isa = PBXFileReference; fileEncoding = 4; lastKnownFileType = sourcecode.c.c; path = registers.c; sourceTree = "<group>"; };
		3C52F6EB18CF833E0009269E /* main.eep */ = {isa = PBXFileReference; fileEncoding = 4; lastKnownFileType = text; path = main.eep; sourceTree = "<group>"; };
		3C6262EF149D9FD700125C66 /* README */ = {isa = PBXFileReference; fileEncoding = 4; lastKnownFileType = text; path = README; sourceTree = "<group>"; };
		3C6E7986147DE962006A7D8C /* main.c */ = {isa = PBXFileReference; fileEncoding = 4; lastKnownFileType = sourcecode.c.c; path = main.c; sourceTree = "<group>"; };
		3C6E7987147DFCF5006A7D8C /* hardware.h */ = {isa = PBXFileReference; fileEncoding = 4; lastKnownFileType = sourcecode.c.h; path = hardware.h; sourceTree = "<group>"; };
		3C6E7988147DFCF5006A7D8C /* MRF49XA_definitions.h */ = {isa = PBXFileReference; fileEncoding = 4; lastKnownFileType = sourcecode.c.h; path = MRF49XA_definitions.h; sourceTree = "<group>"; };
		3C6E7989147DFCF5006A7D8C /* MRF49XA.c */ = {isa = PBXFileReference; fileEncoding = 4; lastKnownFileType = sourcecode.c.c; path = MRF49XA.c; sourceTree = "<group>"; };
		3C6E798A147DFCF5006A7D8C /* MRF49XA.h */ = {isa = PBXFileReference; fileEncoding = 4; lastKnownFileType = sourcecode.c.h; path = MRF49XA.h; sourceTree = "<group>"; };
		3C6E798B147DFCF5006A7D8C /* spi.c */ = {isa = PBXFileReference; fileEncoding = 4; lastKnownFileType = sourcecode.c.c; path = spi.c; sourceTree = "<group>"; };
		3C6E798C147DFCF5006A7D8C /* spi.h */ = {isa = PBXFileReference; fileEncoding = 4; lastKnownFileType = sourcecode.c.h; path = spi.h; sourceTree = "<group>"; };
		3C6E798D147F6AD7006A7D8C /* Descriptors.c */ = {isa = PBXFileReference; fileEncoding = 4; lastKnownFileType = sourcecode.c.c; path = Descriptors.c; sourceTree = "<group>"; };
		3C6E798E147F6AD7006A7D8C /* Descriptors.h */ = {isa = PBXFileReference; fileEncoding = 4; lastKnownFileType = sourcecode.c.h; path = Descriptors.h; sourceTree = "<group>"; };
		3CACBE1D18AEC651001A2A9E /* tuning.numbers */ = {isa = PBXFileReference; lastKnownFileType = wrapper; path = tuning.numbers; sourceTree = "<group>"; };
		3CACE1941478B0B800CF261D /* makefile */ = {isa = PBXFileReference; fileEncoding = 4; lastKnownFileType = sourcecode.make; path = makefile; sourceTree = "<group>"; };
		3CC0203F18CFBD460046E8C1 /* out.eep */ = {isa = PBXFileReference; fileEncoding = 4; lastKnownFileType = text; path = out.eep; sourceTree = "<group>"; };
		3CC0204118CFCE720046E8C1 /* packet.h */ = {isa = PBXFileReference; lastKnownFileType = sourcecode.c.h; path = packet.h; sourceTree = "<group>"; };
		3CC0204318CFCF860046E8C1 /* packet.c */ = {isa = PBXFileReference; fileEncoding = 4; lastKnownFileType = sourcecode.c.c; path = packet.c; sourceTree = "<group>"; };
		3CC0204518CFD1D50046E8C1 /* serial.h */ = {isa = PBXFileReference; lastKnownFileType = sourcecode.c.h; path = serial.h; sourceTree = "<group>"; };
		3CC0204618CFD1E80046E8C1 /* serial.c */ = {isa = PBXFileReference; fileEncoding = 4; lastKnownFileType = sourcecode.c.c; path = serial.c; sourceTree = "<group>"; };
		3CC0204818CFD3140046E8C1 /* enc_dec_test.c */ = {isa = PBXFileReference; fileEncoding = 4; lastKnownFileType = sourcecode.c.c; path = enc_dec_test.c; sourceTree = "<group>"; };
		3CC0204D18D0D14A0046E8C1 /* main.lss */ = {isa = PBXFileReference; fileEncoding = 4; lastKnownFileType = text; path = main.lss; sourceTree = "<group>"; };
		3CC0204E18D0D14A0046E8C1 /* main.sym */ = {isa = PBXFileReference; fileEncoding = 4; lastKnownFileType = text; path = main.sym; sourceTree = "<group>"; };
		3CC0204F18D0D14A0046E8C1 /* main.elf */ = {isa = PBXFileReference; lastKnownFileType = file; path = main.elf; sourceTree = "<group>"; };
		3CC0205018D0D14A0046E8C1 /* main.hex */ = {isa = PBXFileReference; fileEncoding = 4; lastKnownFileType = text; path = main.hex; sourceTree = "<group>"; };
		3CC0205118D0D14A0046E8C1 /* main.map */ = {isa = PBXFileReference; fileEncoding = 4; lastKnownFileType = text; path = main.map; sourceTree = "<group>"; };
		3CC0205218D0D14A0046E8C1 /* serial.lst */ = {isa = PBXFileReference; fileEncoding = 4; lastKnownFileType = text; path = serial.lst; sourceTree = "<group>"; };
		3CC0205318D0D14A0046E8C1 /* utilities.lst */ = {isa = PBXFileReference; fileEncoding = 4; lastKnownFileType = text; path = utilities.lst; sourceTree = "<group>"; };
		3CC0205418D0D14A0046E8C1 /* main.lst */ = {isa = PBXFileReference; fileEncoding = 4; lastKnownFileType = text; path = main.lst; sourceTree = "<group>"; };
		3CC0205518D0D14A0046E8C1 /* packet.lst */ = {isa = PBXFileReference; fileEncoding = 4; lastKnownFileType = text; path = packet.lst; sourceTree = "<group>"; };
		3CC0205618D0D14A0046E8C1 /* menu.lst */ = {isa = PBXFileReference; fileEncoding = 4; lastKnownFileType = text; path = menu.lst; sourceTree = "<group>"; };
		3CC0205718D0D14A0046E8C1 /* registers.lst */ = {isa = PBXFileReference; fileEncoding = 4; lastKnownFileType = text; path = registers.lst; sourceTree = "<group>"; };
		3CC0205818D0D14A0046E8C1 /* hamming.lst */ = {isa = PBXFileReference; fileEncoding = 4; lastKnownFileType = text; path = hamming.lst; sourceTree = "<group>"; };
		3CC0205918D0D14A0046E8C1 /* MRF49XA.lst */ = {isa = PBXFileReference; fileEncoding = 4; lastKnownFileType = text; path = MRF49XA.lst; sourceTree = "<group>"; xcLanguageSpecificationIdentifier = xcode.lang.asm.arm; };
		3CC0205A18D0D14A0046E8C1 /* spi.lst */ = {isa = PBXFileReference; fileEncoding = 4; lastKnownFileType = text; path = spi.lst; sourceTree = "<group>"; };
		3CC0205B18D0D14A0046E8C1 /* Descriptors.lst */ = {isa = PBXFileReference; fileEncoding = 4; lastKnownFileType = text; path = Descriptors.lst; sourceTree = "<group>"; };
		3CEEA9C817CB18DB003C11C3 /* MRF49XA.pdf */ = {isa = PBXFileReference; lastKnownFileType = image.pdf; path = MRF49XA.pdf; sourceTree = "<group>"; };
		3CEEA9C917CB18E5003C11C3 /* doc7707.pdf */ = {isa = PBXFileReference; lastKnownFileType = image.pdf; path = doc7707.pdf; sourceTree = "<group>"; };
/* End PBXFileReference section */

/* Begin PBXFrameworksBuildPhase section */
		3C4A303F14BFAE62004C7B90 /* Frameworks */ = {
			isa = PBXFrameworksBuildPhase;
			buildActionMask = 2147483647;
			files = (
			);
			runOnlyForDeploymentPostprocessing = 0;
		};
/* End PBXFrameworksBuildPhase section */

/* Begin PBXGroup section */
		3C1A3C4A18AAD54C00BD8249 /* USB */ = {
			isa = PBXGroup;
			children = (
				3C6E798D147F6AD7006A7D8C /* Descriptors.c */,
				3C6E798E147F6AD7006A7D8C /* Descriptors.h */,
			);
			name = USB;
			sourceTree = "<group>";
		};
		3C1A3C4B18AAD55900BD8249 /* Docs */ = {
			isa = PBXGroup;
			children = (
				3CACBE1D18AEC651001A2A9E /* tuning.numbers */,
				3CEEA9C817CB18DB003C11C3 /* MRF49XA.pdf */,
				3CEEA9C917CB18E5003C11C3 /* doc7707.pdf */,
				3C6262EF149D9FD700125C66 /* README */,
			);
			name = Docs;
			sourceTree = "<group>";
		};
		3C1A3C4C18AADB1400BD8249 /* RF */ = {
			isa = PBXGroup;
			children = (
				3C6E7988147DFCF5006A7D8C /* MRF49XA_definitions.h */,
				3C6E7989147DFCF5006A7D8C /* MRF49XA.c */,
				3C6E798A147DFCF5006A7D8C /* MRF49XA.h */,
			);
			name = RF;
			sourceTree = "<group>";
		};
		3C4A304314BFAE62004C7B90 /* Products */ = {
			isa = PBXGroup;
			children = (
				3C4A304214BFAE62004C7B90 /* hamming-test */,
			);
			name = Products;
			sourceTree = "<group>";
		};
		3C4A304814BFAE62004C7B90 /* hamming-test */ = {
			isa = PBXGroup;
			children = (
				3CC0204818CFD3140046E8C1 /* enc_dec_test.c */,
				3C4A2FCC14BE670A004C7B90 /* generate-tables.c */,
				3C4A304D14BFAE62004C7B90 /* hamming_test.1 */,
				3C4A304B14BFAE62004C7B90 /* Supporting Files */,
			);
			path = "hamming-test";
			sourceTree = "<group>";
		};
		3C4A304B14BFAE62004C7B90 /* Supporting Files */ = {
			isa = PBXGroup;
			children = (
				3C4A304C14BFAE62004C7B90 /* hamming-test-Prefix.pch */,
			);
			name = "Supporting Files";
			sourceTree = "<group>";
		};
		3CACE0761478A10200CF261D = {
			isa = PBXGroup;
			children = (
				3C1A3C4B18AAD55900BD8249 /* Docs */,
				3C1A3C4A18AAD54C00BD8249 /* USB */,
				3C1A3C4C18AADB1400BD8249 /* RF */,
				3CC0204018CFCCAE0046E8C1 /* UI */,
				3CC0204218CFCE770046E8C1 /* Protocols */,
				3C6E7986147DE962006A7D8C /* main.c */,
				3C1A3C5618AB4ACF00BD8249 /* modes.h */,
				3CACE1941478B0B800CF261D /* makefile */,
				3C6E798B147DFCF5006A7D8C /* spi.c */,
				3C6E798C147DFCF5006A7D8C /* spi.h */,
				3C6E7987147DFCF5006A7D8C /* hardware.h */,
				3CC0204C18D0D11D0046E8C1 /* Output */,
				3C4A304814BFAE62004C7B90 /* hamming-test */,
				3C4A304314BFAE62004C7B90 /* Products */,
			);
			sourceTree = "<group>";
		};
		3CC0204018CFCCAE0046E8C1 /* UI */ = {
			isa = PBXGroup;
			children = (
				3C52F6E718CA99360009269E /* registers.h */,
				3C52F6E818CA99450009269E /* registers.c */,
				3C1A3C5418AAE01600BD8249 /* utilities.h */,
				3C1A3C5218AADFFE00BD8249 /* utilities.c */,
				3C1A3C5118AADFDA00BD8249 /* menu.h */,
				3C1A3C4F18AADE7B00BD8249 /* menu.c */,
			);
			name = UI;
			sourceTree = "<group>";
		};
		3CC0204218CFCE770046E8C1 /* Protocols */ = {
			isa = PBXGroup;
			children = (
				3C1A3C5518AAE69C00BD8249 /* hamming.h */,
				3C1A3C4D18AADE4C00BD8249 /* hamming.c */,
				3CC0204118CFCE720046E8C1 /* packet.h */,
				3CC0204318CFCF860046E8C1 /* packet.c */,
				3CC0204518CFD1D50046E8C1 /* serial.h */,
				3CC0204618CFD1E80046E8C1 /* serial.c */,
			);
			name = Protocols;
			sourceTree = "<group>";
		};
		3CC0204C18D0D11D0046E8C1 /* Output */ = {
			isa = PBXGroup;
			children = (
				3CC0204D18D0D14A0046E8C1 /* main.lss */,
				3CC0204E18D0D14A0046E8C1 /* main.sym */,
				3CC0204F18D0D14A0046E8C1 /* main.elf */,
				3CC0205018D0D14A0046E8C1 /* main.hex */,
				3CC0205118D0D14A0046E8C1 /* main.map */,
				3CC0205218D0D14A0046E8C1 /* serial.lst */,
				3CC0205318D0D14A0046E8C1 /* utilities.lst */,
				3CC0205418D0D14A0046E8C1 /* main.lst */,
				3CC0205518D0D14A0046E8C1 /* packet.lst */,
				3CC0205618D0D14A0046E8C1 /* menu.lst */,
				3CC0205718D0D14A0046E8C1 /* registers.lst */,
				3CC0205818D0D14A0046E8C1 /* hamming.lst */,
				3CC0205918D0D14A0046E8C1 /* MRF49XA.lst */,
				3CC0205A18D0D14A0046E8C1 /* spi.lst */,
				3CC0205B18D0D14A0046E8C1 /* Descriptors.lst */,
				3CC0203F18CFBD460046E8C1 /* out.eep */,
				3C52F6EB18CF833E0009269E /* main.eep */,
			);
			name = Output;
			sourceTree = "<group>";
		};
/* End PBXGroup section */

/* Begin PBXLegacyTarget section */
		3CACE07D1478A10300CF261D /* MRF49XA-Dongle */ = {
			isa = PBXLegacyTarget;
			buildArgumentsString = "$(ACTION)";
			buildConfigurationList = 3CACE0801478A10300CF261D /* Build configuration list for PBXLegacyTarget "MRF49XA-Dongle" */;
			buildPhases = (
			);
			buildToolPath = /usr/bin/make;
			dependencies = (
			);
			name = "MRF49XA-Dongle";
			passBuildSettingsInEnvironment = 1;
			productName = "MRF49XA-Dongle";
		};
/* End PBXLegacyTarget section */

/* Begin PBXNativeTarget section */
		3C4A304114BFAE62004C7B90 /* hamming-test */ = {
			isa = PBXNativeTarget;
			buildConfigurationList = 3C4A305114BFAE62004C7B90 /* Build configuration list for PBXNativeTarget "hamming-test" */;
			buildPhases = (
				3C4A303E14BFAE62004C7B90 /* Sources */,
				3C4A303F14BFAE62004C7B90 /* Frameworks */,
				3C4A304014BFAE62004C7B90 /* CopyFiles */,
			);
			buildRules = (
			);
			dependencies = (
			);
			name = "hamming-test";
			productName = "hamming-test";
			productReference = 3C4A304214BFAE62004C7B90 /* hamming-test */;
			productType = "com.apple.product-type.tool";
		};
/* End PBXNativeTarget section */

/* Begin PBXProject section */
		3CACE0781478A10200CF261D /* Project object */ = {
			isa = PBXProject;
			attributes = {
				LastUpgradeCheck = 0500;
				ORGANIZATIONNAME = "Oregon State University (COAS)";
			};
			buildConfigurationList = 3CACE07B1478A10200CF261D /* Build configuration list for PBXProject "MRF49XA-Dongle" */;
			compatibilityVersion = "Xcode 3.2";
			developmentRegion = English;
			hasScannedForEncodings = 0;
			knownRegions = (
				en,
			);
			mainGroup = 3CACE0761478A10200CF261D;
			productRefGroup = 3C4A304314BFAE62004C7B90 /* Products */;
			projectDirPath = "";
			projectRoot = "";
			targets = (
				3CACE07D1478A10300CF261D /* MRF49XA-Dongle */,
				3C4A304114BFAE62004C7B90 /* hamming-test */,
			);
		};
/* End PBXProject section */

/* Begin PBXSourcesBuildPhase section */
		3C4A303E14BFAE62004C7B90 /* Sources */ = {
			isa = PBXSourcesBuildPhase;
			buildActionMask = 2147483647;
			files = (
				3C1A3C4E18AADE4C00BD8249 /* hamming.c in Sources */,
				3CC0204918CFD3140046E8C1 /* enc_dec_test.c in Sources */,
			);
			runOnlyForDeploymentPostprocessing = 0;
		};
/* End PBXSourcesBuildPhase section */

/* Begin XCBuildConfiguration section */
		3C4A304F14BFAE62004C7B90 /* Debug */ = {
			isa = XCBuildConfiguration;
			buildSettings = {
				GCC_PRECOMPILE_PREFIX_HEADER = YES;
				GCC_PREFIX_HEADER = "hamming-test/hamming-test-Prefix.pch";
				HEADER_SEARCH_PATHS = "";
				PRODUCT_NAME = "$(TARGET_NAME)";
			};
			name = Debug;
		};
		3C4A305014BFAE62004C7B90 /* Release */ = {
			isa = XCBuildConfiguration;
			buildSettings = {
				GCC_PRECOMPILE_PREFIX_HEADER = YES;
				GCC_PREFIX_HEADER = "hamming-test/hamming-test-Prefix.pch";
				HEADER_SEARCH_PATHS = "";
				PRODUCT_NAME = "$(TARGET_NAME)";
			};
			name = Release;
		};
		3CACE07E1478A10300CF261D /* Debug */ = {
			isa = XCBuildConfiguration;
			buildSettings = {
				ALWAYS_SEARCH_USER_PATHS = YES;
				CLANG_WARN_BOOL_CONVERSION = YES;
				CLANG_WARN_CONSTANT_CONVERSION = YES;
				CLANG_WARN_EMPTY_BODY = YES;
				CLANG_WARN_ENUM_CONVERSION = YES;
				CLANG_WARN_INT_CONVERSION = YES;
				CLANG_WARN__DUPLICATE_METHOD_MATCH = YES;
				COPY_PHASE_STRIP = NO;
				GCC_C_LANGUAGE_STANDARD = gnu99;
				GCC_DYNAMIC_NO_PIC = NO;
				GCC_ENABLE_OBJC_EXCEPTIONS = YES;
				GCC_OPTIMIZATION_LEVEL = 0;
				GCC_PREPROCESSOR_DEFINITIONS = (
					"DEBUG=1",
					"$(inherited)",
				);
				GCC_SYMBOLS_PRIVATE_EXTERN = NO;
				GCC_VERSION = com.apple.compilers.llvm.clang.1_0;
				GCC_WARN_64_TO_32_BIT_CONVERSION = YES;
				GCC_WARN_ABOUT_MISSING_PROTOTYPES = YES;
				GCC_WARN_ABOUT_RETURN_TYPE = YES;
				GCC_WARN_UNDECLARED_SELECTOR = YES;
				GCC_WARN_UNINITIALIZED_AUTOS = YES;
				GCC_WARN_UNUSED_FUNCTION = YES;
				GCC_WARN_UNUSED_VARIABLE = YES;
				HEADER_SEARCH_PATHS = (
					"/opt/local/avr/include/**\n/Users/wdillon/Documents/Source",
					Code/No,
					"OS/AVR/**",
				);
				MACOSX_DEPLOYMENT_TARGET = 10.7;
				ONLY_ACTIVE_ARCH = YES;
				SDKROOT = macosx;
			};
			name = Debug;
		};
		3CACE07F1478A10300CF261D /* Release */ = {
			isa = XCBuildConfiguration;
			buildSettings = {
				ALWAYS_SEARCH_USER_PATHS = YES;
				CLANG_WARN_BOOL_CONVERSION = YES;
				CLANG_WARN_CONSTANT_CONVERSION = YES;
				CLANG_WARN_EMPTY_BODY = YES;
				CLANG_WARN_ENUM_CONVERSION = YES;
				CLANG_WARN_INT_CONVERSION = YES;
				CLANG_WARN__DUPLICATE_METHOD_MATCH = YES;
				COPY_PHASE_STRIP = YES;
				DEBUG_INFORMATION_FORMAT = "dwarf-with-dsym";
				GCC_C_LANGUAGE_STANDARD = gnu99;
				GCC_ENABLE_OBJC_EXCEPTIONS = YES;
				GCC_VERSION = com.apple.compilers.llvm.clang.1_0;
				GCC_WARN_64_TO_32_BIT_CONVERSION = YES;
				GCC_WARN_ABOUT_MISSING_PROTOTYPES = YES;
				GCC_WARN_ABOUT_RETURN_TYPE = YES;
				GCC_WARN_UNDECLARED_SELECTOR = YES;
				GCC_WARN_UNINITIALIZED_AUTOS = YES;
				GCC_WARN_UNUSED_FUNCTION = YES;
				GCC_WARN_UNUSED_VARIABLE = YES;
				HEADER_SEARCH_PATHS = (
					"/opt/local/avr/include/**\n/Users/wdillon/Documents/Source",
					Code/No,
					"OS/AVR/**",
				);
				MACOSX_DEPLOYMENT_TARGET = 10.7;
				SDKROOT = macosx;
			};
			name = Release;
		};
		3CACE0811478A10300CF261D /* Debug */ = {
			isa = XCBuildConfiguration;
			buildSettings = {
				DEBUGGING_SYMBOLS = YES;
				GCC_GENERATE_DEBUGGING_SYMBOLS = YES;
				GCC_OPTIMIZATION_LEVEL = 0;
				OTHER_CFLAGS = "";
				OTHER_LDFLAGS = "";
				PRODUCT_NAME = "$(TARGET_NAME)";
			};
			name = Debug;
		};
		3CACE0821478A10300CF261D /* Release */ = {
			isa = XCBuildConfiguration;
			buildSettings = {
				OTHER_CFLAGS = "";
				OTHER_LDFLAGS = "";
				PRODUCT_NAME = "$(TARGET_NAME)";
			};
			name = Release;
		};
/* End XCBuildConfiguration section */

/* Begin XCConfigurationList section */
		3C4A305114BFAE62004C7B90 /* Build configuration list for PBXNativeTarget "hamming-test" */ = {
			isa = XCConfigurationList;
			buildConfigurations = (
				3C4A304F14BFAE62004C7B90 /* Debug */,
				3C4A305014BFAE62004C7B90 /* Release */,
			);
			defaultConfigurationIsVisible = 0;
			defaultConfigurationName = Release;
		};
		3CACE07B1478A10200CF261D /* Build configuration list for PBXProject "MRF49XA-Dongle" */ = {
			isa = XCConfigurationList;
			buildConfigurations = (
				3CACE07E1478A10300CF261D /* Debug */,
				3CACE07F1478A10300CF261D /* Release */,
			);
			defaultConfigurationIsVisible = 0;
			defaultConfigurationName = Release;
		};
		3CACE0801478A10300CF261D /* Build configuration list for PBXLegacyTarget "MRF49XA-Dongle" */ = {
			isa = XCConfigurationList;
			buildConfigurations = (
				3CACE0811478A10300CF261D /* Debug */,
				3CACE0821478A10300CF261D /* Release */,
			);
			defaultConfigurationIsVisible = 0;
			defaultConfigurationName = Release;
		};
/* End XCConfigurationList section */
	};
	rootObject = 3CACE0781478A10200CF261D /* Project object */;
}
